lockfileVersion: '9.0'

settings:
  autoInstallPeers: true
  excludeLinksFromLockfile: false

importers:
  .:
    dependencies:
      next:
        specifier: 15.3.2
        version: 15.3.2
      react:
        specifier: 19.1.0
        version: 19.1.0
      react-dom:
        specifier: 19.1.0
        version: 19.1.0
    devDependencies:
      '@types/node':
        specifier: 22.15.29
        version: 22.15.29
      '@types/react':
        specifier: 19.1.6
        version: 19.1.6
      '@types/react-dom':
        specifier: 19.1.5
        version: 19.1.5
      eslint:
        specifier: 9.28.0
        version: 9.28.0
      eslint-config-next:
        specifier: 15.3.2
        version: 15.3.2
      prettier:
        specifier: 3.5.3
        version: 3.5.3
      typescript:
        specifier: 5.8.3
        version: 5.8.3
